
Microsoft Visual Studio Solution File, Format Version 12.00
# Visual Studio Version 17
VisualStudioVersion = 17.5.33627.172
MinimumVisualStudioVersion = 10.0.40219.1
Project("{FAE04EC0-301F-11D3-BF4B-00C04F79EFBC}") = "NorthwndEntityApp", "NorthwndEntityApp\NorthwndEntityApp.csproj", "{9E7A02E6-13F3-4F6E-ABCD-B2B48565D7DF}"
EndProject
Global
	GlobalSection(SolutionConfigurationPlatforms) = preSolution
		Debug|Any CPU = Debug|Any CPU
		Release|Any CPU = Release|Any CPU
	EndGlobalSection
	GlobalSection(ProjectConfigurationPlatforms) = postSolution
		{9E7A02E6-13F3-4F6E-ABCD-B2B48565D7DF}.Debug|Any CPU.ActiveCfg = Debug|Any CPU
		{9E7A02E6-13F3-4F6E-ABCD-B2B48565D7DF}.Debug|Any CPU.Build.0 = Debug|Any CPU
		{9E7A02E6-13F3-4F6E-ABCD-B2B48565D7DF}.Release|Any CPU.ActiveCfg = Release|Any CPU
		{9E7A02E6-13F3-4F6E-ABCD-B2B48565D7DF}.Release|Any CPU.Build.0 = Release|Any CPU
	EndGlobalSection
	GlobalSection(SolutionProperties) = preSolution
		HideSolutionNode = FALSE
	EndGlobalSection
	GlobalSection(ExtensibilityGlobals) = postSolution
		SolutionGuid = {83CA71D4-3DC9-43C2-9589-B96500257FAC}
	EndGlobalSection
EndGlobal
